
Microsoft Visual Studio Solution File, Format Version 12.00
# Visual Studio 15
VisualStudioVersion = 15.0.28010.2050
MinimumVisualStudioVersion = 10.0.40219.1
Project("{FAE04EC0-301F-11D3-BF4B-00C04F79EFBC}") = "NPC Lore Generator", "NPC Lore Generator\NPC Lore Generator.csproj", "{56FBCC73-A0F4-4A02-B415-A268CFD562DB}"
EndProject
Global
	GlobalSection(SolutionConfigurationPlatforms) = preSolution
		Debug|Any CPU = Debug|Any CPU
		Release|Any CPU = Release|Any CPU
	EndGlobalSection
	GlobalSection(ProjectConfigurationPlatforms) = postSolution
		{56FBCC73-A0F4-4A02-B415-A268CFD562DB}.Debug|Any CPU.ActiveCfg = Debug|Any CPU
		{56FBCC73-A0F4-4A02-B415-A268CFD562DB}.Debug|Any CPU.Build.0 = Debug|Any CPU
		{56FBCC73-A0F4-4A02-B415-A268CFD562DB}.Release|Any CPU.ActiveCfg = Release|Any CPU
		{56FBCC73-A0F4-4A02-B415-A268CFD562DB}.Release|Any CPU.Build.0 = Release|Any CPU
	EndGlobalSection
	GlobalSection(SolutionProperties) = preSolution
		HideSolutionNode = FALSE
	EndGlobalSection
	GlobalSection(ExtensibilityGlobals) = postSolution
		SolutionGuid = {4BBBC6A1-7CE3-4F0B-BDF8-EC21CE6315C0}
	EndGlobalSection
EndGlobal
